// !$*UTF8*$!
{
	archiveVersion = 1;
	classes = {
	};
	objectVersion = 46;
	objects = {

/* Begin PBXBuildFile section */
		3C5EB4981B303C82000CC5C1 /* AppDelegate.swift in Sources */ = {isa = PBXBuildFile; fileRef = 3C5EB4971B303C82000CC5C1 /* AppDelegate.swift */; };
		3C5EB49A1B303C82000CC5C1 /* ViewController.swift in Sources */ = {isa = PBXBuildFile; fileRef = 3C5EB4991B303C82000CC5C1 /* ViewController.swift */; };
		3C5EB49D1B303C82000CC5C1 /* Main.storyboard in Resources */ = {isa = PBXBuildFile; fileRef = 3C5EB49B1B303C82000CC5C1 /* Main.storyboard */; };
		3C5EB49F1B303C82000CC5C1 /* Images.xcassets in Resources */ = {isa = PBXBuildFile; fileRef = 3C5EB49E1B303C82000CC5C1 /* Images.xcassets */; };
		3C5EB4A21B303C82000CC5C1 /* LaunchScreen.xib in Resources */ = {isa = PBXBuildFile; fileRef = 3C5EB4A01B303C82000CC5C1 /* LaunchScreen.xib */; };
		3C5EB4AE1B303C82000CC5C1 /* xxoofuckTests.swift in Sources */ = {isa = PBXBuildFile; fileRef = 3C5EB4AD1B303C82000CC5C1 /* xxoofuckTests.swift */; };
/* End PBXBuildFile section */

/* Begin PBXContainerItemProxy section */
		3C5EB4A81B303C82000CC5C1 /* PBXContainerItemProxy */ = {
			isa = PBXContainerItemProxy;
			containerPortal = 3C5EB48A1B303C82000CC5C1 /* Project object */;
			proxyType = 1;
			remoteGlobalIDString = 3C5EB4911B303C82000CC5C1;
			remoteInfo = xxoofuck;
		};
/* End PBXContainerItemProxy section */

/* Begin PBXFileReference section */
		3C5EB4921B303C82000CC5C1 /* xxoofuck.app */ = {isa = PBXFileReference; explicitFileType = wrapper.application; includeInIndex = 0; path = xxoofuck.app; sourceTree = BUILT_PRODUCTS_DIR; };
		3C5EB4961B303C82000CC5C1 /* Info.plist */ = {isa = PBXFileReference; lastKnownFileType = text.plist.xml; path = Info.plist; sourceTree = "<group>"; };
		3C5EB4971B303C82000CC5C1 /* AppDelegate.swift */ = {isa = PBXFileReference; lastKnownFileType = sourcecode.swift; path = AppDelegate.swift; sourceTree = "<group>"; };
		3C5EB4991B303C82000CC5C1 /* ViewController.swift */ = {isa = PBXFileReference; lastKnownFileType = sourcecode.swift; path = ViewController.swift; sourceTree = "<group>"; };
		3C5EB49C1B303C82000CC5C1 /* Base */ = {isa = PBXFileReference; lastKnownFileType = file.storyboard; name = Base; path = Base.lproj/Main.storyboard; sourceTree = "<group>"; };
		3C5EB49E1B303C82000CC5C1 /* Images.xcassets */ = {isa = PBXFileReference; lastKnownFileType = folder.assetcatalog; path = Images.xcassets; sourceTree = "<group>"; };
		3C5EB4A11B303C82000CC5C1 /* Base */ = {isa = PBXFileReference; lastKnownFileType = file.xib; name = Base; path = Base.lproj/LaunchScreen.xib; sourceTree = "<group>"; };
		3C5EB4A71B303C82000CC5C1 /* xxoofuckTests.xctest */ = {isa = PBXFileReference; explicitFileType = wrapper.cfbundle; includeInIndex = 0; path = xxoofuckTests.xctest; sourceTree = BUILT_PRODUCTS_DIR; };
		3C5EB4AC1B303C82000CC5C1 /* Info.plist */ = {isa = PBXFileReference; lastKnownFileType = text.plist.xml; path = Info.plist; sourceTree = "<group>"; };
		3C5EB4AD1B303C82000CC5C1 /* xxoofuckTests.swift */ = {isa = PBXFileReference; lastKnownFileType = sourcecode.swift; path = xxoofuckTests.swift; sourceTree = "<group>"; };
/* End PBXFileReference section */

/* Begin PBXFrameworksBuildPhase section */
		3C5EB48F1B303C82000CC5C1 /* Frameworks */ = {
			isa = PBXFrameworksBuildPhase;
			buildActionMask = 2147483647;
			files = (
			);
			runOnlyForDeploymentPostprocessing = 0;
		};
		3C5EB4A41B303C82000CC5C1 /* Frameworks */ = {
			isa = PBXFrameworksBuildPhase;
			buildActionMask = 2147483647;
			files = (
			);
			runOnlyForDeploymentPostprocessing = 0;
		};
/* End PBXFrameworksBuildPhase section */

/* Begin PBXGroup section */
		3C5EB4891B303C82000CC5C1 = {
			isa = PBXGroup;
			children = (
				3C5EB4941B303C82000CC5C1 /* xxoofuck */,
				3C5EB4AA1B303C82000CC5C1 /* xxoofuckTests */,
				3C5EB4931B303C82000CC5C1 /* Products */,
			);
			sourceTree = "<group>";
		};
		3C5EB4931B303C82000CC5C1 /* Products */ = {
			isa = PBXGroup;
			children = (
				3C5EB4921B303C82000CC5C1 /* xxoofuck.app */,
				3C5EB4A71B303C82000CC5C1 /* xxoofuckTests.xctest */,
			);
			name = Products;
			sourceTree = "<group>";
		};
		3C5EB4941B303C82000CC5C1 /* xxoofuck */ = {
			isa = PBXGroup;
			children = (
				3C5EB4971B303C82000CC5C1 /* AppDelegate.swift */,
				3C5EB4991B303C82000CC5C1 /* ViewController.swift */,
				3C5EB49B1B303C82000CC5C1 /* Main.storyboard */,
				3C5EB49E1B303C82000CC5C1 /* Images.xcassets */,
				3C5EB4A01B303C82000CC5C1 /* LaunchScreen.xib */,
				3C5EB4951B303C82000CC5C1 /* Supporting Files */,
			);
			path = xxoofuck;
			sourceTree = "<group>";
		};
		3C5EB4951B303C82000CC5C1 /* Supporting Files */ = {
			isa = PBXGroup;
			children = (
				3C5EB4961B303C82000CC5C1 /* Info.plist */,
			);
			name = "Supporting Files";
			sourceTree = "<group>";
		};
		3C5EB4AA1B303C82000CC5C1 /* xxoofuckTests */ = {
			isa = PBXGroup;
			children = (
				3C5EB4AD1B303C82000CC5C1 /* xxoofuckTests.swift */,
				3C5EB4AB1B303C82000CC5C1 /* Supporting Files */,
			);
			path = xxoofuckTests;
			sourceTree = "<group>";
		};
		3C5EB4AB1B303C82000CC5C1 /* Supporting Files */ = {
			isa = PBXGroup;
			children = (
				3C5EB4AC1B303C82000CC5C1 /* Info.plist */,
			);
			name = "Supporting Files";
			sourceTree = "<group>";
		};
/* End PBXGroup section */

/* Begin PBXNativeTarget section */
		3C5EB4911B303C82000CC5C1 /* xxoofuck */ = {
			isa = PBXNativeTarget;
			buildConfigurationList = 3C5EB4B11B303C82000CC5C1 /* Build configuration list for PBXNativeTarget "xxoofuck" */;
			buildPhases = (
				3C5EB48E1B303C82000CC5C1 /* Sources */,
				3C5EB48F1B303C82000CC5C1 /* Frameworks */,
				3C5EB4901B303C82000CC5C1 /* Resources */,
			);
			buildRules = (
			);
			dependencies = (
			);
			name = xxoofuck;
			productName = xxoofuck;
			productReference = 3C5EB4921B303C82000CC5C1 /* xxoofuck.app */;
			productType = "com.apple.product-type.application";
		};
		3C5EB4A61B303C82000CC5C1 /* xxoofuckTests */ = {
			isa = PBXNativeTarget;
			buildConfigurationList = 3C5EB4B41B303C82000CC5C1 /* Build configuration list for PBXNativeTarget "xxoofuckTests" */;
			buildPhases = (
				3C5EB4A31B303C82000CC5C1 /* Sources */,
				3C5EB4A41B303C82000CC5C1 /* Frameworks */,
				3C5EB4A51B303C82000CC5C1 /* Resources */,
			);
			buildRules = (
			);
			dependencies = (
				3C5EB4A91B303C82000CC5C1 /* PBXTargetDependency */,
			);
			name = xxoofuckTests;
			productName = xxoofuckTests;
			productReference = 3C5EB4A71B303C82000CC5C1 /* xxoofuckTests.xctest */;
			productType = "com.apple.product-type.bundle.unit-test";
		};
/* End PBXNativeTarget section */

/* Begin PBXProject section */
		3C5EB48A1B303C82000CC5C1 /* Project object */ = {
			isa = PBXProject;
			attributes = {
				LastUpgradeCheck = 0630;
				ORGANIZATIONNAME = JZFMAC;
				TargetAttributes = {
					3C5EB4911B303C82000CC5C1 = {
						CreatedOnToolsVersion = 6.3.2;
					};
					3C5EB4A61B303C82000CC5C1 = {
						CreatedOnToolsVersion = 6.3.2;
						TestTargetID = 3C5EB4911B303C82000CC5C1;
					};
				};
			};
			buildConfigurationList = 3C5EB48D1B303C82000CC5C1 /* Build configuration list for PBXProject "xxoofuck" */;
			compatibilityVersion = "Xcode 3.2";
			developmentRegion = English;
			hasScannedForEncodings = 0;
			knownRegions = (
				en,
				Base,
			);
			mainGroup = 3C5EB4891B303C82000CC5C1;
			productRefGroup = 3C5EB4931B303C82000CC5C1 /* Products */;
			projectDirPath = "";
			projectRoot = "";
			targets = (
				3C5EB4911B303C82000CC5C1 /* xxoofuck */,
				3C5EB4A61B303C82000CC5C1 /* xxoofuckTests */,
			);
		};
/* End PBXProject section */

/* Begin PBXResourcesBuildPhase section */
		3C5EB4901B303C82000CC5C1 /* Resources */ = {
			isa = PBXResourcesBuildPhase;
			buildActionMask = 2147483647;
			files = (
				3C5EB49D1B303C82000CC5C1 /* Main.storyboard in Resources */,
				3C5EB4A21B303C82000CC5C1 /* LaunchScreen.xib in Resources */,
				3C5EB49F1B303C82000CC5C1 /* Images.xcassets in Resources */,
			);
			runOnlyForDeploymentPostprocessing = 0;
		};
		3C5EB4A51B303C82000CC5C1 /* Resources */ = {
			isa = PBXResourcesBuildPhase;
			buildActionMask = 2147483647;
			files = (
			);
			runOnlyForDeploymentPostprocessing = 0;
		};
/* End PBXResourcesBuildPhase section */

/* Begin PBXSourcesBuildPhase section */
		3C5EB48E1B303C82000CC5C1 /* Sources */ = {
			isa = PBXSourcesBuildPhase;
			buildActionMask = 2147483647;
			files = (
				3C5EB49A1B303C82000CC5C1 /* ViewController.swift in Sources */,
				3C5EB4981B303C82000CC5C1 /* AppDelegate.swift in Sources */,
			);
			runOnlyForDeploymentPostprocessing = 0;
		};
		3C5EB4A31B303C82000CC5C1 /* Sources */ = {
			isa = PBXSourcesBuildPhase;
			buildActionMask = 2147483647;
			files = (
				3C5EB4AE1B303C82000CC5C1 /* xxoofuckTests.swift in Sources */,
			);
			runOnlyForDeploymentPostprocessing = 0;
		};
/* End PBXSourcesBuildPhase section */

/* Begin PBXTargetDependency section */
		3C5EB4A91B303C82000CC5C1 /* PBXTargetDependency */ = {
			isa = PBXTargetDependency;
			target = 3C5EB4911B303C82000CC5C1 /* xxoofuck */;
			targetProxy = 3C5EB4A81B303C82000CC5C1 /* PBXContainerItemProxy */;
		};
/* End PBXTargetDependency section */

/* Begin PBXVariantGroup section */
		3C5EB49B1B303C82000CC5C1 /* Main.storyboard */ = {
			isa = PBXVariantGroup;
			children = (
				3C5EB49C1B303C82000CC5C1 /* Base */,
			);
			name = Main.storyboard;
			sourceTree = "<group>";
		};
		3C5EB4A01B303C82000CC5C1 /* LaunchScreen.xib */ = {
			isa = PBXVariantGroup;
			children = (
				3C5EB4A11B303C82000CC5C1 /* Base */,
			);
			name = LaunchScreen.xib;
			sourceTree = "<group>";
		};
/* End PBXVariantGroup section */

/* Begin XCBuildConfiguration section */
		3C5EB4AF1B303C82000CC5C1 /* Debug */ = {
			isa = XCBuildConfiguration;
			buildSettings = {
				ALWAYS_SEARCH_USER_PATHS = NO;
				CLANG_CXX_LANGUAGE_STANDARD = "gnu++0x";
				CLANG_CXX_LIBRARY = "libc++";
				CLANG_ENABLE_MODULES = YES;
				CLANG_ENABLE_OBJC_ARC = YES;
				CLANG_WARN_BOOL_CONVERSION = YES;
				CLANG_WARN_CONSTANT_CONVERSION = YES;
				CLANG_WARN_DIRECT_OBJC_ISA_USAGE = YES_ERROR;
				CLANG_WARN_EMPTY_BODY = YES;
				CLANG_WARN_ENUM_CONVERSION = YES;
				CLANG_WARN_INT_CONVERSION = YES;
				CLANG_WARN_OBJC_ROOT_CLASS = YES_ERROR;
				CLANG_WARN_UNREACHABLE_CODE = YES;
				CLANG_WARN__DUPLICATE_METHOD_MATCH = YES;
				"CODE_SIGN_IDENTITY[sdk=iphoneos*]" = "iPhone Developer";
				COPY_PHASE_STRIP = NO;
				DEBUG_INFORMATION_FORMAT = "dwarf-with-dsym";
				ENABLE_STRICT_OBJC_MSGSEND = YES;
				GCC_C_LANGUAGE_STANDARD = gnu99;
				GCC_DYNAMIC_NO_PIC = NO;
				GCC_NO_COMMON_BLOCKS = YES;
				GCC_OPTIMIZATION_LEVEL = 0;
				GCC_PREPROCESSOR_DEFINITIONS = (
					"DEBUG=1",
					"$(inherited)",
				);
				GCC_SYMBOLS_PRIVATE_EXTERN = NO;
				GCC_WARN_64_TO_32_BIT_CONVERSION = YES;
				GCC_WARN_ABOUT_RETURN_TYPE = YES_ERROR;
				GCC_WARN_UNDECLARED_SELECTOR = YES;
				GCC_WARN_UNINITIALIZED_AUTOS = YES_AGGRESSIVE;
				GCC_WARN_UNUSED_FUNCTION = YES;
				GCC_WARN_UNUSED_VARIABLE = YES;
				IPHONEOS_DEPLOYMENT_TARGET = 8.3;
				MTL_ENABLE_DEBUG_INFO = YES;
				ONLY_ACTIVE_ARCH = YES;
				SDKROOT = iphoneos;
				SWIFT_OPTIMIZATION_LEVEL = "-Onone";
			};
			name = Debug;
		};
		3C5EB4B01B303C82000CC5C1 /* Release */ = {
			isa = XCBuildConfiguration;
			buildSettings = {
				ALWAYS_SEARCH_USER_PATHS = NO;
				CLANG_CXX_LANGUAGE_STANDARD = "gnu++0x";
				CLANG_CXX_LIBRARY = "libc++";
				CLANG_ENABLE_MODULES = YES;
				CLANG_ENABLE_OBJC_ARC = YES;
				CLANG_WARN_BOOL_CONVERSION = YES;
				CLANG_WARN_CONSTANT_CONVERSION = YES;
				CLANG_WARN_DIRECT_OBJC_ISA_USAGE = YES_ERROR;
				CLANG_WARN_EMPTY_BODY = YES;
				CLANG_WARN_ENUM_CONVERSION = YES;
				CLANG_WARN_INT_CONVERSION = YES;
				CLANG_WARN_OBJC_ROOT_CLASS = YES_ERROR;
				CLANG_WARN_UNREACHABLE_CODE = YES;
				CLANG_WARN__DUPLICATE_METHOD_MATCH = YES;
				"CODE_SIGN_IDENTITY[sdk=iphoneos*]" = "iPhone Developer";
				COPY_PHASE_STRIP = NO;
				DEBUG_INFORMATION_FORMAT = "dwarf-with-dsym";
				ENABLE_NS_ASSERTIONS = NO;
				ENABLE_STRICT_OBJC_MSGSEND = YES;
				GCC_C_LANGUAGE_STANDARD = gnu99;
				GCC_NO_COMMON_BLOCKS = YES;
				GCC_WARN_64_TO_32_BIT_CONVERSION = YES;
				GCC_WARN_ABOUT_RETURN_TYPE = YES_ERROR;
				GCC_WARN_UNDECLARED_SELECTOR = YES;
				GCC_WARN_UNINITIALIZED_AUTOS = YES_AGGRESSIVE;
				GCC_WARN_UNUSED_FUNCTION = YES;
				GCC_WARN_UNUSED_VARIABLE = YES;
				IPHONEOS_DEPLOYMENT_TARGET = 8.3;
				MTL_ENABLE_DEBUG_INFO = NO;
				SDKROOT = iphoneos;
				VALIDATE_PRODUCT = YES;
			};
			name = Release;
		};
		3C5EB4B21B303C82000CC5C1 /* Debug */ = {
			isa = XCBuildConfiguration;
			buildSettings = {
				ASSETCATALOG_COMPILER_APPICON_NAME = AppIcon;
				INFOPLIST_FILE = xxoofuck/Info.plist;
				LD_RUNPATH_SEARCH_PATHS = "$(inherited) @executable_path/Frameworks";
				PRODUCT_NAME = "$(TARGET_NAME)";
			};
			name = Debug;
		};
		3C5EB4B31B303C82000CC5C1 /* Release */ = {
			isa = XCBuildConfiguration;
			buildSettings = {
				ASSETCATALOG_COMPILER_APPICON_NAME = AppIcon;
				INFOPLIST_FILE = xxoofuck/Info.plist;
				LD_RUNPATH_SEARCH_PATHS = "$(inherited) @executable_path/Frameworks";
				PRODUCT_NAME = "$(TARGET_NAME)";
			};
			name = Release;
		};
		3C5EB4B51B303C82000CC5C1 /* Debug */ = {
			isa = XCBuildConfiguration;
			buildSettings = {
				BUNDLE_LOADER = "$(TEST_HOST)";
				FRAMEWORK_SEARCH_PATHS = (
					"$(SDKROOT)/Developer/Library/Frameworks",
					"$(inherited)",
				);
				GCC_PREPROCESSOR_DEFINITIONS = (
					"DEBUG=1",
					"$(inherited)",
				);
				INFOPLIST_FILE = xxoofuckTests/Info.plist;
				LD_RUNPATH_SEARCH_PATHS = "$(inherited) @executable_path/Frameworks @loader_path/Frameworks";
				PRODUCT_NAME = "$(TARGET_NAME)";
				TEST_HOST = "$(BUILT_PRODUCTS_DIR)/xxoofuck.app/xxoofuck";
			};
			name = Debug;
		};
		3C5EB4B61B303C82000CC5C1 /* Release */ = {
			isa = XCBuildConfiguration;
			buildSettings = {
				BUNDLE_LOADER = "$(TEST_HOST)";
				FRAMEWORK_SEARCH_PATHS = (
					"$(SDKROOT)/Developer/Library/Frameworks",
					"$(inherited)",
				);
				INFOPLIST_FILE = xxoofuckTests/Info.plist;
				LD_RUNPATH_SEARCH_PATHS = "$(inherited) @executable_path/Frameworks @loader_path/Frameworks";
				PRODUCT_NAME = "$(TARGET_NAME)";
				TEST_HOST = "$(BUILT_PRODUCTS_DIR)/xxoofuck.app/xxoofuck";
			};
			name = Release;
		};
/* End XCBuildConfiguration section */

/* Begin XCConfigurationList section */
		3C5EB48D1B303C82000CC5C1 /* Build configuration list for PBXProject "xxoofuck" */ = {
			isa = XCConfigurationList;
			buildConfigurations = (
				3C5EB4AF1B303C82000CC5C1 /* Debug */,
				3C5EB4B01B303C82000CC5C1 /* Release */,
			);
			defaultConfigurationIsVisible = 0;
			defaultConfigurationName = Release;
		};
		3C5EB4B11B303C82000CC5C1 /* Build configuration list for PBXNativeTarget "xxoofuck" */ = {
			isa = XCConfigurationList;
			buildConfigurations = (
				3C5EB4B21B303C82000CC5C1 /* Debug */,
				3C5EB4B31B303C82000CC5C1 /* Release */,
			);
			defaultConfigurationIsVisible = 0;
		};
		3C5EB4B41B303C82000CC5C1 /* Build configuration list for PBXNativeTarget "xxoofuckTests" */ = {
			isa = XCConfigurationList;
			buildConfigurations = (
				3C5EB4B51B303C82000CC5C1 /* Debug */,
				3C5EB4B61B303C82000CC5C1 /* Release */,
			);
			defaultConfigurationIsVisible = 0;
		};
/* End XCConfigurationList section */
	};
	rootObject = 3C5EB48A1B303C82000CC5C1 /* Project object */;
}
